Microsoft Visual Studio Solution File, Format Version 11.00
# Visual Studio 2008

Project("{EF816B0D-4DE1-DE27-07B1-FBB988CDA3AC}") = "PrefabAssembler_Unity", "Assembly-CSharp.csproj", "{9DC82232-996A-5E06-0390-040FD8361AAB}"
EndProject
Project("{EF816B0D-4DE1-DE27-07B1-FBB988CDA3AC}") = "PrefabAssembler_Unity", "Assembly-CSharp-Editor.csproj", "{38C7B64C-6A1C-D566-E208-12F53B476EFC}"
EndProject
Global
	GlobalSection(SolutionConfigurationPlatforms) = preSolution
		Debug|Any CPU = Debug|Any CPU
		Release|Any CPU = Release|Any CPU
	EndGlobalSection
	GlobalSection(ProjectConfigurationPlatforms) = postSolution
		{9DC82232-996A-5E06-0390-040FD8361AAB}.Debug|Any CPU.ActiveCfg = Debug|Any CPU
		{9DC82232-996A-5E06-0390-040FD8361AAB}.Debug|Any CPU.Build.0 = Debug|Any CPU
		{9DC82232-996A-5E06-0390-040FD8361AAB}.Release|Any CPU.ActiveCfg = Release|Any CPU
		{9DC82232-996A-5E06-0390-040FD8361AAB}.Release|Any CPU.Build.0 = Release|Any CPU
		{38C7B64C-6A1C-D566-E208-12F53B476EFC}.Debug|Any CPU.ActiveCfg = Debug|Any CPU
		{38C7B64C-6A1C-D566-E208-12F53B476EFC}.Debug|Any CPU.Build.0 = Debug|Any CPU
		{38C7B64C-6A1C-D566-E208-12F53B476EFC}.Release|Any CPU.ActiveCfg = Release|Any CPU
		{38C7B64C-6A1C-D566-E208-12F53B476EFC}.Release|Any CPU.Build.0 = Release|Any CPU
	EndGlobalSection
	GlobalSection(SolutionProperties) = preSolution
		HideSolutionNode = FALSE
	EndGlobalSection
	GlobalSection(MonoDevelopProperties) = preSolution
		StartupItem = Assembly-CSharp.csproj
		Policies = $0
		$0.TextStylePolicy = $1
		$1.inheritsSet = null
		$1.scope = text/x-csharp
		$0.CSharpFormattingPolicy = $2
		$2.inheritsSet = Mono
		$2.inheritsScope = text/x-csharp
		$2.scope = text/x-csharp
		$0.TextStylePolicy = $3
		$3.FileWidth = 120
		$3.TabWidth = 4
		$3.EolMarker = Unix
		$3.inheritsSet = Mono
		$3.inheritsScope = text/plain
		$3.scope = text/plain
	EndGlobalSection
EndGlobal
